
Microsoft Visual Studio Solution File, Format Version 12.00
Project("{FAE04EC0-301F-11D3-BF4B-00C04F79EFBC}") = "Poligon", "Poligon\Poligon.csproj", "{C955A24C-04DF-46EF-9CCD-6E36BF1C76C0}"
EndProject
Project("{FAE04EC0-301F-11D3-BF4B-00C04F79EFBC}") = "S01E01", "S01E01\S01E01.csproj", "{64E716AF-059E-486F-8F84-3776B3207F1B}"
EndProject
Project("{FAE04EC0-301F-11D3-BF4B-00C04F79EFBC}") = "S01E02", "S01E02\S01E02.csproj", "{3A4E66ED-2779-414F-A143-CE03B708ABC6}"
EndProject
Project("{FAE04EC0-301F-11D3-BF4B-00C04F79EFBC}") = "S01E03", "S01E03\S01E03.csproj", "{99F4C593-F326-411D-BEC1-73E9D337BDF1}"
EndProject
Project("{FAE04EC0-301F-11D3-BF4B-00C04F79EFBC}") = "S01E05", "S01E05\S01E05.csproj", "{3989ABAD-AAAC-46F8-8EAE-076BA6AF8CC9}"
EndProject
Project("{FAE04EC0-301F-11D3-BF4B-00C04F79EFBC}") = "S02E01", "S02E01\S02E01.csproj", "{815DD713-EF12-4B20-82F4-FA9F7612EF6E}"
EndProject
Project("{FAE04EC0-301F-11D3-BF4B-00C04F79EFBC}") = "S02E02", "S02E02\S02E02.csproj", "{AF53AE30-76F3-417F-841B-362E10DE4F3D}"
EndProject
Project("{FAE04EC0-301F-11D3-BF4B-00C04F79EFBC}") = "S02E03", "S02E03\S02E03.csproj", "{6631A709-45B5-4E45-8069-8419CC4C79CB}"
EndProject
Project("{FAE04EC0-301F-11D3-BF4B-00C04F79EFBC}") = "S02E04", "S02E04\S02E04.csproj", "{42DDDEAE-5A80-466C-AC0D-E3C2C0CFB070}"
EndProject
Project("{FAE04EC0-301F-11D3-BF4B-00C04F79EFBC}") = "S02E05", "S02E05\S02E05.csproj", "{B3EFD06A-A270-4FD6-B218-945759AB7A13}"
EndProject
Project("{FAE04EC0-301F-11D3-BF4B-00C04F79EFBC}") = "S03E01", "S03E01\S03E01.csproj", "{02D9A5A1-C0DB-4D01-A817-1E3107BF7B5C}"
EndProject
Project("{FAE04EC0-301F-11D3-BF4B-00C04F79EFBC}") = "S03E02", "S03E02\S03E02.csproj", "{31673070-8FD1-4A62-BD45-931BEADDA662}"
EndProject
Project("{FAE04EC0-301F-11D3-BF4B-00C04F79EFBC}") = "S03E03", "S03E03\S03E03.csproj", "{9DF8FC78-40C2-46DA-8522-F7B540F4E2AB}"
EndProject
Project("{FAE04EC0-301F-11D3-BF4B-00C04F79EFBC}") = "S03E04", "S03E04\S03E04.csproj", "{39829D8B-0D7F-4737-B7DD-4B932AF95095}"
EndProject
Project("{FAE04EC0-301F-11D3-BF4B-00C04F79EFBC}") = "S03E05", "S03E05\S03E05.csproj", "{7FBC1356-53D7-44DD-9BFE-67FE8C0D40E4}"
EndProject
Project("{FAE04EC0-301F-11D3-BF4B-00C04F79EFBC}") = "S04E01", "S04E01\S04E01.csproj", "{755C7C2B-C4C8-48F7-B1E3-BFB01875B653}"
EndProject
Project("{FAE04EC0-301F-11D3-BF4B-00C04F79EFBC}") = "S04E02", "S04E02\S04E02.csproj", "{D850E8F6-4975-4A26-829F-BA57369A1158}"
EndProject
Project("{FAE04EC0-301F-11D3-BF4B-00C04F79EFBC}") = "S04E03", "S04E03\S04E03.csproj", "{55F509D0-98CC-4200-8E98-4BA1DC1A90F0}"
EndProject
Project("{FAE04EC0-301F-11D3-BF4B-00C04F79EFBC}") = "S04E04", "S04E04\S04E04.csproj", "{049963CA-A058-45AB-ADE9-8F1E8DDC00FC}"
EndProject
Global
	GlobalSection(SolutionConfigurationPlatforms) = preSolution
		Debug|Any CPU = Debug|Any CPU
		Release|Any CPU = Release|Any CPU
	EndGlobalSection
	GlobalSection(ProjectConfigurationPlatforms) = postSolution
		{C955A24C-04DF-46EF-9CCD-6E36BF1C76C0}.Debug|Any CPU.ActiveCfg = Debug|Any CPU
		{C955A24C-04DF-46EF-9CCD-6E36BF1C76C0}.Debug|Any CPU.Build.0 = Debug|Any CPU
		{C955A24C-04DF-46EF-9CCD-6E36BF1C76C0}.Release|Any CPU.ActiveCfg = Release|Any CPU
		{C955A24C-04DF-46EF-9CCD-6E36BF1C76C0}.Release|Any CPU.Build.0 = Release|Any CPU
		{64E716AF-059E-486F-8F84-3776B3207F1B}.Debug|Any CPU.ActiveCfg = Debug|Any CPU
		{64E716AF-059E-486F-8F84-3776B3207F1B}.Debug|Any CPU.Build.0 = Debug|Any CPU
		{64E716AF-059E-486F-8F84-3776B3207F1B}.Release|Any CPU.ActiveCfg = Release|Any CPU
		{64E716AF-059E-486F-8F84-3776B3207F1B}.Release|Any CPU.Build.0 = Release|Any CPU
		{3A4E66ED-2779-414F-A143-CE03B708ABC6}.Debug|Any CPU.ActiveCfg = Debug|Any CPU
		{3A4E66ED-2779-414F-A143-CE03B708ABC6}.Debug|Any CPU.Build.0 = Debug|Any CPU
		{3A4E66ED-2779-414F-A143-CE03B708ABC6}.Release|Any CPU.ActiveCfg = Release|Any CPU
		{3A4E66ED-2779-414F-A143-CE03B708ABC6}.Release|Any CPU.Build.0 = Release|Any CPU
		{99F4C593-F326-411D-BEC1-73E9D337BDF1}.Debug|Any CPU.ActiveCfg = Debug|Any CPU
		{99F4C593-F326-411D-BEC1-73E9D337BDF1}.Debug|Any CPU.Build.0 = Debug|Any CPU
		{99F4C593-F326-411D-BEC1-73E9D337BDF1}.Release|Any CPU.ActiveCfg = Release|Any CPU
		{99F4C593-F326-411D-BEC1-73E9D337BDF1}.Release|Any CPU.Build.0 = Release|Any CPU
		{3989ABAD-AAAC-46F8-8EAE-076BA6AF8CC9}.Debug|Any CPU.ActiveCfg = Debug|Any CPU
		{3989ABAD-AAAC-46F8-8EAE-076BA6AF8CC9}.Debug|Any CPU.Build.0 = Debug|Any CPU
		{3989ABAD-AAAC-46F8-8EAE-076BA6AF8CC9}.Release|Any CPU.ActiveCfg = Release|Any CPU
		{3989ABAD-AAAC-46F8-8EAE-076BA6AF8CC9}.Release|Any CPU.Build.0 = Release|Any CPU
		{815DD713-EF12-4B20-82F4-FA9F7612EF6E}.Debug|Any CPU.ActiveCfg = Debug|Any CPU
		{815DD713-EF12-4B20-82F4-FA9F7612EF6E}.Debug|Any CPU.Build.0 = Debug|Any CPU
		{815DD713-EF12-4B20-82F4-FA9F7612EF6E}.Release|Any CPU.ActiveCfg = Release|Any CPU
		{815DD713-EF12-4B20-82F4-FA9F7612EF6E}.Release|Any CPU.Build.0 = Release|Any CPU
		{AF53AE30-76F3-417F-841B-362E10DE4F3D}.Debug|Any CPU.ActiveCfg = Debug|Any CPU
		{AF53AE30-76F3-417F-841B-362E10DE4F3D}.Debug|Any CPU.Build.0 = Debug|Any CPU
		{AF53AE30-76F3-417F-841B-362E10DE4F3D}.Release|Any CPU.ActiveCfg = Release|Any CPU
		{AF53AE30-76F3-417F-841B-362E10DE4F3D}.Release|Any CPU.Build.0 = Release|Any CPU
		{6631A709-45B5-4E45-8069-8419CC4C79CB}.Debug|Any CPU.ActiveCfg = Debug|Any CPU
		{6631A709-45B5-4E45-8069-8419CC4C79CB}.Debug|Any CPU.Build.0 = Debug|Any CPU
		{6631A709-45B5-4E45-8069-8419CC4C79CB}.Release|Any CPU.ActiveCfg = Release|Any CPU
		{6631A709-45B5-4E45-8069-8419CC4C79CB}.Release|Any CPU.Build.0 = Release|Any CPU
		{42DDDEAE-5A80-466C-AC0D-E3C2C0CFB070}.Debug|Any CPU.ActiveCfg = Debug|Any CPU
		{42DDDEAE-5A80-466C-AC0D-E3C2C0CFB070}.Debug|Any CPU.Build.0 = Debug|Any CPU
		{42DDDEAE-5A80-466C-AC0D-E3C2C0CFB070}.Release|Any CPU.ActiveCfg = Release|Any CPU
		{42DDDEAE-5A80-466C-AC0D-E3C2C0CFB070}.Release|Any CPU.Build.0 = Release|Any CPU
		{B3EFD06A-A270-4FD6-B218-945759AB7A13}.Debug|Any CPU.ActiveCfg = Debug|Any CPU
		{B3EFD06A-A270-4FD6-B218-945759AB7A13}.Debug|Any CPU.Build.0 = Debug|Any CPU
		{B3EFD06A-A270-4FD6-B218-945759AB7A13}.Release|Any CPU.ActiveCfg = Release|Any CPU
		{B3EFD06A-A270-4FD6-B218-945759AB7A13}.Release|Any CPU.Build.0 = Release|Any CPU
		{02D9A5A1-C0DB-4D01-A817-1E3107BF7B5C}.Debug|Any CPU.ActiveCfg = Debug|Any CPU
		{02D9A5A1-C0DB-4D01-A817-1E3107BF7B5C}.Debug|Any CPU.Build.0 = Debug|Any CPU
		{02D9A5A1-C0DB-4D01-A817-1E3107BF7B5C}.Release|Any CPU.ActiveCfg = Release|Any CPU
		{02D9A5A1-C0DB-4D01-A817-1E3107BF7B5C}.Release|Any CPU.Build.0 = Release|Any CPU
		{31673070-8FD1-4A62-BD45-931BEADDA662}.Debug|Any CPU.ActiveCfg = Debug|Any CPU
		{31673070-8FD1-4A62-BD45-931BEADDA662}.Debug|Any CPU.Build.0 = Debug|Any CPU
		{31673070-8FD1-4A62-BD45-931BEADDA662}.Release|Any CPU.ActiveCfg = Release|Any CPU
		{31673070-8FD1-4A62-BD45-931BEADDA662}.Release|Any CPU.Build.0 = Release|Any CPU
		{9DF8FC78-40C2-46DA-8522-F7B540F4E2AB}.Debug|Any CPU.ActiveCfg = Debug|Any CPU
		{9DF8FC78-40C2-46DA-8522-F7B540F4E2AB}.Debug|Any CPU.Build.0 = Debug|Any CPU
		{9DF8FC78-40C2-46DA-8522-F7B540F4E2AB}.Release|Any CPU.ActiveCfg = Release|Any CPU
		{9DF8FC78-40C2-46DA-8522-F7B540F4E2AB}.Release|Any CPU.Build.0 = Release|Any CPU
		{39829D8B-0D7F-4737-B7DD-4B932AF95095}.Debug|Any CPU.ActiveCfg = Debug|Any CPU
		{39829D8B-0D7F-4737-B7DD-4B932AF95095}.Debug|Any CPU.Build.0 = Debug|Any CPU
		{39829D8B-0D7F-4737-B7DD-4B932AF95095}.Release|Any CPU.ActiveCfg = Release|Any CPU
		{39829D8B-0D7F-4737-B7DD-4B932AF95095}.Release|Any CPU.Build.0 = Release|Any CPU
		{7FBC1356-53D7-44DD-9BFE-67FE8C0D40E4}.Debug|Any CPU.ActiveCfg = Debug|Any CPU
		{7FBC1356-53D7-44DD-9BFE-67FE8C0D40E4}.Debug|Any CPU.Build.0 = Debug|Any CPU
		{7FBC1356-53D7-44DD-9BFE-67FE8C0D40E4}.Release|Any CPU.ActiveCfg = Release|Any CPU
		{7FBC1356-53D7-44DD-9BFE-67FE8C0D40E4}.Release|Any CPU.Build.0 = Release|Any CPU
		{755C7C2B-C4C8-48F7-B1E3-BFB01875B653}.Debug|Any CPU.ActiveCfg = Debug|Any CPU
		{755C7C2B-C4C8-48F7-B1E3-BFB01875B653}.Debug|Any CPU.Build.0 = Debug|Any CPU
		{755C7C2B-C4C8-48F7-B1E3-BFB01875B653}.Release|Any CPU.ActiveCfg = Release|Any CPU
		{755C7C2B-C4C8-48F7-B1E3-BFB01875B653}.Release|Any CPU.Build.0 = Release|Any CPU
		{D850E8F6-4975-4A26-829F-BA57369A1158}.Debug|Any CPU.ActiveCfg = Debug|Any CPU
		{D850E8F6-4975-4A26-829F-BA57369A1158}.Debug|Any CPU.Build.0 = Debug|Any CPU
		{D850E8F6-4975-4A26-829F-BA57369A1158}.Release|Any CPU.ActiveCfg = Release|Any CPU
		{D850E8F6-4975-4A26-829F-BA57369A1158}.Release|Any CPU.Build.0 = Release|Any CPU
		{55F509D0-98CC-4200-8E98-4BA1DC1A90F0}.Debug|Any CPU.ActiveCfg = Debug|Any CPU
		{55F509D0-98CC-4200-8E98-4BA1DC1A90F0}.Debug|Any CPU.Build.0 = Debug|Any CPU
		{55F509D0-98CC-4200-8E98-4BA1DC1A90F0}.Release|Any CPU.ActiveCfg = Release|Any CPU
		{55F509D0-98CC-4200-8E98-4BA1DC1A90F0}.Release|Any CPU.Build.0 = Release|Any CPU
		{049963CA-A058-45AB-ADE9-8F1E8DDC00FC}.Debug|Any CPU.ActiveCfg = Debug|Any CPU
		{049963CA-A058-45AB-ADE9-8F1E8DDC00FC}.Debug|Any CPU.Build.0 = Debug|Any CPU
		{049963CA-A058-45AB-ADE9-8F1E8DDC00FC}.Release|Any CPU.ActiveCfg = Release|Any CPU
		{049963CA-A058-45AB-ADE9-8F1E8DDC00FC}.Release|Any CPU.Build.0 = Release|Any CPU
	EndGlobalSection
EndGlobal
